{
  "name": "@unfriends/game",
  "version": "0.0.1",
  "lockfileVersion": 1,
  "requires": true,
  "dependencies": {
    "@unfriends/utils": {
      "version": "0.0.1",
      "resolved": "https://npm.pkg.github.com/download/@unfriends/utils/0.0.1/93253c2696dde82ff780fdd0737b20a45264347377053aa52bcd3088475a7721",
      "integrity": "sha512-OM1KAjiThCs6+Rfo+tBwq7yCzH60mTUzrkBCGTiEHGWvDjwER38gx5gx/ZrJRoKZST4soVyVieYPwc8kqeaxNg=="
    }
  }
}
